
Microsoft Visual Studio Solution File, Format Version 12.00
# Visual Studio Version 16
VisualStudioVersion = 16.0.29613.14
MinimumVisualStudioVersion = 10.0.40219.1
Project("{FAE04EC0-301F-11D3-BF4B-00C04F79EFBC}") = "kendo_grid_crud", "kendo-grid-crud\kendo_grid_crud.csproj", "{B5B260A3-553C-4196-9578-25E8D34B20CD}"
EndProject
Global
	GlobalSection(SolutionConfigurationPlatforms) = preSolution
		Debug|Any CPU = Debug|Any CPU
		Release|Any CPU = Release|Any CPU
	EndGlobalSection
	GlobalSection(ProjectConfigurationPlatforms) = postSolution
		{B5B260A3-553C-4196-9578-25E8D34B20CD}.Debug|Any CPU.ActiveCfg = Debug|Any CPU
		{B5B260A3-553C-4196-9578-25E8D34B20CD}.Debug|Any CPU.Build.0 = Debug|Any CPU
		{B5B260A3-553C-4196-9578-25E8D34B20CD}.Release|Any CPU.ActiveCfg = Release|Any CPU
		{B5B260A3-553C-4196-9578-25E8D34B20CD}.Release|Any CPU.Build.0 = Release|Any CPU
	EndGlobalSection
	GlobalSection(SolutionProperties) = preSolution
		HideSolutionNode = FALSE
	EndGlobalSection
	GlobalSection(ExtensibilityGlobals) = postSolution
		SolutionGuid = {7F3A1595-4CA9-49E6-9036-6024FAFD17C7}
	EndGlobalSection
EndGlobal
